
Microsoft Visual Studio Solution File, Format Version 12.00
# Visual Studio Version 17
VisualStudioVersion = 17.3.32811.315
MinimumVisualStudioVersion = 10.0.40219.1
Project("{FAE04EC0-301F-11D3-BF4B-00C04F79EFBC}") = "RubikCube", "RubikCube\RubikCube.csproj", "{FE350F0D-FA0E-4698-BADC-E5690C2CE59A}"
EndProject
Global
	GlobalSection(SolutionConfigurationPlatforms) = preSolution
		Debug|Any CPU = Debug|Any CPU
		Release|Any CPU = Release|Any CPU
	EndGlobalSection
	GlobalSection(ProjectConfigurationPlatforms) = postSolution
		{FE350F0D-FA0E-4698-BADC-E5690C2CE59A}.Debug|Any CPU.ActiveCfg = Debug|Any CPU
		{FE350F0D-FA0E-4698-BADC-E5690C2CE59A}.Debug|Any CPU.Build.0 = Debug|Any CPU
		{FE350F0D-FA0E-4698-BADC-E5690C2CE59A}.Release|Any CPU.ActiveCfg = Release|Any CPU
		{FE350F0D-FA0E-4698-BADC-E5690C2CE59A}.Release|Any CPU.Build.0 = Release|Any CPU
	EndGlobalSection
	GlobalSection(SolutionProperties) = preSolution
		HideSolutionNode = FALSE
	EndGlobalSection
	GlobalSection(ExtensibilityGlobals) = postSolution
		SolutionGuid = {B6B77AF5-665B-40B0-BE87-ED476CE0C37F}
	EndGlobalSection
EndGlobal
